
Microsoft Visual Studio Solution File, Format Version 12.00
# Visual Studio 15
Project("{FAE04EC0-301F-11D3-BF4B-00C04F79EFBC}") = "Assembly-CSharp", "Assembly-CSharp.csproj", "{074EA068-2096-2942-950E-C70739395BD8}"
EndProject
Project("{FAE04EC0-301F-11D3-BF4B-00C04F79EFBC}") = "Assembly-CSharp-Editor", "Assembly-CSharp-Editor.csproj", "{529B1B6A-4275-5DEA-2BB7-99225B8CF355}"
EndProject
Global
	GlobalSection(SolutionConfigurationPlatforms) = preSolution
		Debug|Any CPU = Debug|Any CPU
		Release|Any CPU = Release|Any CPU
	EndGlobalSection
	GlobalSection(ProjectConfigurationPlatforms) = postSolution
		{074EA068-2096-2942-950E-C70739395BD8}.Debug|Any CPU.ActiveCfg = Debug|Any CPU
		{074EA068-2096-2942-950E-C70739395BD8}.Debug|Any CPU.Build.0 = Debug|Any CPU
		{074EA068-2096-2942-950E-C70739395BD8}.Release|Any CPU.ActiveCfg = Release|Any CPU
		{074EA068-2096-2942-950E-C70739395BD8}.Release|Any CPU.Build.0 = Release|Any CPU
		{529B1B6A-4275-5DEA-2BB7-99225B8CF355}.Debug|Any CPU.ActiveCfg = Debug|Any CPU
		{529B1B6A-4275-5DEA-2BB7-99225B8CF355}.Debug|Any CPU.Build.0 = Debug|Any CPU
		{529B1B6A-4275-5DEA-2BB7-99225B8CF355}.Release|Any CPU.ActiveCfg = Release|Any CPU
		{529B1B6A-4275-5DEA-2BB7-99225B8CF355}.Release|Any CPU.Build.0 = Release|Any CPU
	EndGlobalSection
	GlobalSection(SolutionProperties) = preSolution
		HideSolutionNode = FALSE
	EndGlobalSection
EndGlobal
